
Microsoft Visual Studio Solution File, Format Version 12.00
# Visual Studio 15
VisualStudioVersion = 15.0.27130.2036
MinimumVisualStudioVersion = 10.0.40219.1
Project("{8BC9CEB8-8B4A-11D0-8D11-00A0C91BC942}") = "1001", "1001\1001.vcxproj", "{F86F10C8-980B-41D7-93CB-93460E195394}"
EndProject
Project("{8BC9CEB8-8B4A-11D0-8D11-00A0C91BC942}") = "1002", "1002\1002.vcxproj", "{7216A67D-1FD0-45EB-AA53-D3B7E34BFF90}"
EndProject
Project("{8BC9CEB8-8B4A-11D0-8D11-00A0C91BC942}") = "1003", "1003\1003.vcxproj", "{39F073EB-2B71-44B8-ACB8-A4D4DBF9560B}"
EndProject
Project("{8BC9CEB8-8B4A-11D0-8D11-00A0C91BC942}") = "1004", "1004\1004.vcxproj", "{25FAD29A-DD94-4985-AE74-0CE490F29117}"
EndProject
Project("{8BC9CEB8-8B4A-11D0-8D11-00A0C91BC942}") = "1005", "1005\1005.vcxproj", "{0AF81F42-DE63-4EC6-BE01-21E0951EDF54}"
EndProject
Project("{8BC9CEB8-8B4A-11D0-8D11-00A0C91BC942}") = "1006", "1006\1006.vcxproj", "{34DA1199-B39A-4FFE-9B25-9465608CF0AF}"
EndProject
Project("{8BC9CEB8-8B4A-11D0-8D11-00A0C91BC942}") = "1007", "1007\1007.vcxproj", "{8C69B884-7161-47E1-AC0D-111B3F081449}"
EndProject
Project("{8BC9CEB8-8B4A-11D0-8D11-00A0C91BC942}") = "1008", "1008\1008.vcxproj", "{F830CFD2-DE92-422A-ADF2-855A2CC811A3}"
EndProject
Project("{8BC9CEB8-8B4A-11D0-8D11-00A0C91BC942}") = "1009", "1009\1009.vcxproj", "{0915C8FA-D3B0-4484-900A-13F59AEBFBCC}"
EndProject
Project("{8BC9CEB8-8B4A-11D0-8D11-00A0C91BC942}") = "1010", "1010\1010.vcxproj", "{4A215CCD-694A-4692-9D2F-F55B9F3AD0C3}"
EndProject
Project("{8BC9CEB8-8B4A-11D0-8D11-00A0C91BC942}") = "1011", "1011\1011.vcxproj", "{380FE52A-B4F9-4369-B4B5-59B60402ABC1}"
EndProject
Project("{8BC9CEB8-8B4A-11D0-8D11-00A0C91BC942}") = "1012", "1012\1012.vcxproj", "{143103BC-3768-481C-A18A-A37CD4398FB4}"
EndProject
Project("{8BC9CEB8-8B4A-11D0-8D11-00A0C91BC942}") = "1013", "1013\1013.vcxproj", "{7EE9D2FE-FA42-4A3A-9604-FD8D5904CFB3}"
EndProject
Project("{8BC9CEB8-8B4A-11D0-8D11-00A0C91BC942}") = "1014", "1014\1014.vcxproj", "{EE812170-1BD3-481D-8EBD-D0B7CD8B9AD4}"
EndProject
Project("{8BC9CEB8-8B4A-11D0-8D11-00A0C91BC942}") = "1015", "1015\1015.vcxproj", "{67026F4C-28B0-4985-A584-B2521A16453C}"
EndProject
Project("{8BC9CEB8-8B4A-11D0-8D11-00A0C91BC942}") = "1016", "1016\1016.vcxproj", "{DDD157B1-D45B-4ED8-92F1-E65F1AEC48FC}"
EndProject
Project("{8BC9CEB8-8B4A-11D0-8D11-00A0C91BC942}") = "1017", "1017\1017.vcxproj", "{EECAEED0-F356-4C69-995E-F84E58D796F0}"
EndProject
Project("{8BC9CEB8-8B4A-11D0-8D11-00A0C91BC942}") = "1018", "1018\1018.vcxproj", "{68178D32-2A2F-40EC-87DA-D120600B59E3}"
EndProject
Project("{8BC9CEB8-8B4A-11D0-8D11-00A0C91BC942}") = "1019", "1019\1019.vcxproj", "{4FB3D83E-D4D9-41C6-931E-28498766320F}"
EndProject
Project("{8BC9CEB8-8B4A-11D0-8D11-00A0C91BC942}") = "1020", "1020\1020.vcxproj", "{440A8565-CE1B-4F26-BC24-81B73A2F3C3A}"
EndProject
Project("{8BC9CEB8-8B4A-11D0-8D11-00A0C91BC942}") = "1021", "1021\1021.vcxproj", "{2415EC04-1432-4AF8-A132-4985FBB521E1}"
EndProject
Project("{8BC9CEB8-8B4A-11D0-8D11-00A0C91BC942}") = "1022", "1022\1022.vcxproj", "{2E42EAA8-41E2-4382-93F7-BBB22FCDF17D}"
EndProject
Project("{8BC9CEB8-8B4A-11D0-8D11-00A0C91BC942}") = "1023", "1023\1023.vcxproj", "{FF171240-2FC1-402B-951A-E0FD8DDF9985}"
EndProject
Project("{8BC9CEB8-8B4A-11D0-8D11-00A0C91BC942}") = "1024", "1024\1024.vcxproj", "{36FFD814-4370-4239-A9AB-E639830207BF}"
EndProject
Project("{8BC9CEB8-8B4A-11D0-8D11-00A0C91BC942}") = "1025", "1025\1025.vcxproj", "{7D1C4EAC-58BC-4D52-8734-A040CC6D5F37}"
EndProject
Project("{8BC9CEB8-8B4A-11D0-8D11-00A0C91BC942}") = "1026", "1026\1026.vcxproj", "{F6FD135D-5B59-48BF-AC09-DD0F28EB4170}"
EndProject
Project("{8BC9CEB8-8B4A-11D0-8D11-00A0C91BC942}") = "1027", "1027\1027.vcxproj", "{2CD2B8BC-7657-4688-BB9A-0FCED1C6160D}"
EndProject
Project("{8BC9CEB8-8B4A-11D0-8D11-00A0C91BC942}") = "1028", "1028\1028.vcxproj", "{63F0DD69-9A09-40DC-A98C-996C1146DB54}"
EndProject
Project("{8BC9CEB8-8B4A-11D0-8D11-00A0C91BC942}") = "1029", "1029\1029.vcxproj", "{89D5AC94-36B7-40FF-9695-5187C10BA0C1}"
EndProject
Project("{8BC9CEB8-8B4A-11D0-8D11-00A0C91BC942}") = "1030", "1030\1030.vcxproj", "{046810BC-E527-49F2-BB0D-9EF4CFB68643}"
EndProject
Project("{8BC9CEB8-8B4A-11D0-8D11-00A0C91BC942}") = "1031", "1031\1031.vcxproj", "{17633F4F-66FF-4229-BC14-1DC328A74646}"
EndProject
Project("{8BC9CEB8-8B4A-11D0-8D11-00A0C91BC942}") = "1032", "1032\1032.vcxproj", "{C7D8417D-EB89-4F42-881C-A4F22AE72EBA}"
EndProject
Project("{8BC9CEB8-8B4A-11D0-8D11-00A0C91BC942}") = "1033", "1033\1033.vcxproj", "{663983B6-69E9-4145-B0D4-0C91DF6FAC41}"
EndProject
Project("{8BC9CEB8-8B4A-11D0-8D11-00A0C91BC942}") = "1034", "1034\1034.vcxproj", "{F858F67C-2CC1-4431-89EA-32B01251A8C5}"
EndProject
Project("{8BC9CEB8-8B4A-11D0-8D11-00A0C91BC942}") = "1035", "1035\1035.vcxproj", "{337075E1-CEA8-4931-93FF-5F4A1F93C3F2}"
EndProject
Project("{8BC9CEB8-8B4A-11D0-8D11-00A0C91BC942}") = "1036", "1036\1036.vcxproj", "{667B7D00-2FBF-484E-A548-B2143A6FF417}"
EndProject
Project("{2150E333-8FDC-42A3-9474-1A3956D46DE8}") = "练习题", "练习题", "{18B338D7-DF6F-4CC5-A2F2-08FC4A61EDB9}"
EndProject
Project("{2150E333-8FDC-42A3-9474-1A3956D46DE8}") = "真题", "真题", "{2D245112-7B77-4136-9722-1BA1ED017486}"
EndProject
Project("{8BC9CEB8-8B4A-11D0-8D11-00A0C91BC942}") = "2001", "2001\2001.vcxproj", "{9AE995D1-AD70-4A66-B13D-7BE1A4533A31}"
EndProject
Project("{8BC9CEB8-8B4A-11D0-8D11-00A0C91BC942}") = "2002", "2002\2002.vcxproj", "{6D48ACAC-76F9-4583-9093-5BE773A5A950}"
EndProject
Project("{8BC9CEB8-8B4A-11D0-8D11-00A0C91BC942}") = "2003", "2003\2003.vcxproj", "{4AB1EEAE-44F4-4CA5-AED0-CAD8E6B9DB54}"
EndProject
Project("{8BC9CEB8-8B4A-11D0-8D11-00A0C91BC942}") = "2004", "2004\2004.vcxproj", "{CE102EBA-39EB-4FBA-B1BC-DA36AA5DB5D4}"
EndProject
Project("{8BC9CEB8-8B4A-11D0-8D11-00A0C91BC942}") = "2005", "2005\2005.vcxproj", "{1C10AC8D-C74D-4F4B-8547-193719FA42B5}"
EndProject
Project("{8BC9CEB8-8B4A-11D0-8D11-00A0C91BC942}") = "2006", "2006\2006.vcxproj", "{90BC644E-CD71-4B78-8221-ABDA80FF6AD3}"
EndProject
Global
	GlobalSection(SolutionConfigurationPlatforms) = preSolution
		Debug|Any CPU = Debug|Any CPU
		Debug|x64 = Debug|x64
		Debug|x86 = Debug|x86
		Release|Any CPU = Release|Any CPU
		Release|x64 = Release|x64
		Release|x86 = Release|x86
	EndGlobalSection
	GlobalSection(ProjectConfigurationPlatforms) = postSolution
		{F86F10C8-980B-41D7-93CB-93460E195394}.Debug|Any CPU.ActiveCfg = Debug|Win32
		{F86F10C8-980B-41D7-93CB-93460E195394}.Debug|x64.ActiveCfg = Debug|x64
		{F86F10C8-980B-41D7-93CB-93460E195394}.Debug|x64.Build.0 = Debug|x64
		{F86F10C8-980B-41D7-93CB-93460E195394}.Debug|x86.ActiveCfg = Debug|Win32
		{F86F10C8-980B-41D7-93CB-93460E195394}.Debug|x86.Build.0 = Debug|Win32
		{F86F10C8-980B-41D7-93CB-93460E195394}.Release|Any CPU.ActiveCfg = Release|Win32
		{F86F10C8-980B-41D7-93CB-93460E195394}.Release|x64.ActiveCfg = Release|x64
		{F86F10C8-980B-41D7-93CB-93460E195394}.Release|x64.Build.0 = Release|x64
		{F86F10C8-980B-41D7-93CB-93460E195394}.Release|x86.ActiveCfg = Release|Win32
		{F86F10C8-980B-41D7-93CB-93460E195394}.Release|x86.Build.0 = Release|Win32
		{7216A67D-1FD0-45EB-AA53-D3B7E34BFF90}.Debug|Any CPU.ActiveCfg = Debug|Win32
		{7216A67D-1FD0-45EB-AA53-D3B7E34BFF90}.Debug|x64.ActiveCfg = Debug|x64
		{7216A67D-1FD0-45EB-AA53-D3B7E34BFF90}.Debug|x64.Build.0 = Debug|x64
		{7216A67D-1FD0-45EB-AA53-D3B7E34BFF90}.Debug|x86.ActiveCfg = Debug|Win32
		{7216A67D-1FD0-45EB-AA53-D3B7E34BFF90}.Debug|x86.Build.0 = Debug|Win32
		{7216A67D-1FD0-45EB-AA53-D3B7E34BFF90}.Release|Any CPU.ActiveCfg = Release|Win32
		{7216A67D-1FD0-45EB-AA53-D3B7E34BFF90}.Release|x64.ActiveCfg = Release|x64
		{7216A67D-1FD0-45EB-AA53-D3B7E34BFF90}.Release|x64.Build.0 = Release|x64
		{7216A67D-1FD0-45EB-AA53-D3B7E34BFF90}.Release|x86.ActiveCfg = Release|Win32
		{7216A67D-1FD0-45EB-AA53-D3B7E34BFF90}.Release|x86.Build.0 = Release|Win32
		{39F073EB-2B71-44B8-ACB8-A4D4DBF9560B}.Debug|Any CPU.ActiveCfg = Debug|Win32
		{39F073EB-2B71-44B8-ACB8-A4D4DBF9560B}.Debug|x64.ActiveCfg = Debug|x64
		{39F073EB-2B71-44B8-ACB8-A4D4DBF9560B}.Debug|x64.Build.0 = Debug|x64
		{39F073EB-2B71-44B8-ACB8-A4D4DBF9560B}.Debug|x86.ActiveCfg = Debug|Win32
		{39F073EB-2B71-44B8-ACB8-A4D4DBF9560B}.Debug|x86.Build.0 = Debug|Win32
		{39F073EB-2B71-44B8-ACB8-A4D4DBF9560B}.Release|Any CPU.ActiveCfg = Release|Win32
		{39F073EB-2B71-44B8-ACB8-A4D4DBF9560B}.Release|x64.ActiveCfg = Release|x64
		{39F073EB-2B71-44B8-ACB8-A4D4DBF9560B}.Release|x64.Build.0 = Release|x64
		{39F073EB-2B71-44B8-ACB8-A4D4DBF9560B}.Release|x86.ActiveCfg = Release|Win32
		{39F073EB-2B71-44B8-ACB8-A4D4DBF9560B}.Release|x86.Build.0 = Release|Win32
		{25FAD29A-DD94-4985-AE74-0CE490F29117}.Debug|Any CPU.ActiveCfg = Debug|Win32
		{25FAD29A-DD94-4985-AE74-0CE490F29117}.Debug|x64.ActiveCfg = Debug|x64
		{25FAD29A-DD94-4985-AE74-0CE490F29117}.Debug|x64.Build.0 = Debug|x64
		{25FAD29A-DD94-4985-AE74-0CE490F29117}.Debug|x86.ActiveCfg = Debug|Win32
		{25FAD29A-DD94-4985-AE74-0CE490F29117}.Debug|x86.Build.0 = Debug|Win32
		{25FAD29A-DD94-4985-AE74-0CE490F29117}.Release|Any CPU.ActiveCfg = Release|Win32
		{25FAD29A-DD94-4985-AE74-0CE490F29117}.Release|x64.ActiveCfg = Release|x64
		{25FAD29A-DD94-4985-AE74-0CE490F29117}.Release|x64.Build.0 = Release|x64
		{25FAD29A-DD94-4985-AE74-0CE490F29117}.Release|x86.ActiveCfg = Release|Win32
		{25FAD29A-DD94-4985-AE74-0CE490F29117}.Release|x86.Build.0 = Release|Win32
		{0AF81F42-DE63-4EC6-BE01-21E0951EDF54}.Debug|Any CPU.ActiveCfg = Debug|Win32
		{0AF81F42-DE63-4EC6-BE01-21E0951EDF54}.Debug|x64.ActiveCfg = Debug|x64
		{0AF81F42-DE63-4EC6-BE01-21E0951EDF54}.Debug|x64.Build.0 = Debug|x64
		{0AF81F42-DE63-4EC6-BE01-21E0951EDF54}.Debug|x86.ActiveCfg = Debug|Win32
		{0AF81F42-DE63-4EC6-BE01-21E0951EDF54}.Debug|x86.Build.0 = Debug|Win32
		{0AF81F42-DE63-4EC6-BE01-21E0951EDF54}.Release|Any CPU.ActiveCfg = Release|Win32
		{0AF81F42-DE63-4EC6-BE01-21E0951EDF54}.Release|x64.ActiveCfg = Release|x64
		{0AF81F42-DE63-4EC6-BE01-21E0951EDF54}.Release|x64.Build.0 = Release|x64
		{0AF81F42-DE63-4EC6-BE01-21E0951EDF54}.Release|x86.ActiveCfg = Release|Win32
		{0AF81F42-DE63-4EC6-BE01-21E0951EDF54}.Release|x86.Build.0 = Release|Win32
		{34DA1199-B39A-4FFE-9B25-9465608CF0AF}.Debug|Any CPU.ActiveCfg = Debug|Win32
		{34DA1199-B39A-4FFE-9B25-9465608CF0AF}.Debug|x64.ActiveCfg = Debug|x64
		{34DA1199-B39A-4FFE-9B25-9465608CF0AF}.Debug|x64.Build.0 = Debug|x64
		{34DA1199-B39A-4FFE-9B25-9465608CF0AF}.Debug|x86.ActiveCfg = Debug|Win32
		{34DA1199-B39A-4FFE-9B25-9465608CF0AF}.Debug|x86.Build.0 = Debug|Win32
		{34DA1199-B39A-4FFE-9B25-9465608CF0AF}.Release|Any CPU.ActiveCfg = Release|Win32
		{34DA1199-B39A-4FFE-9B25-9465608CF0AF}.Release|x64.ActiveCfg = Release|x64
		{34DA1199-B39A-4FFE-9B25-9465608CF0AF}.Release|x64.Build.0 = Release|x64
		{34DA1199-B39A-4FFE-9B25-9465608CF0AF}.Release|x86.ActiveCfg = Release|Win32
		{34DA1199-B39A-4FFE-9B25-9465608CF0AF}.Release|x86.Build.0 = Release|Win32
		{8C69B884-7161-47E1-AC0D-111B3F081449}.Debug|Any CPU.ActiveCfg = Debug|Win32
		{8C69B884-7161-47E1-AC0D-111B3F081449}.Debug|x64.ActiveCfg = Debug|x64
		{8C69B884-7161-47E1-AC0D-111B3F081449}.Debug|x64.Build.0 = Debug|x64
		{8C69B884-7161-47E1-AC0D-111B3F081449}.Debug|x86.ActiveCfg = Debug|Win32
		{8C69B884-7161-47E1-AC0D-111B3F081449}.Debug|x86.Build.0 = Debug|Win32
		{8C69B884-7161-47E1-AC0D-111B3F081449}.Release|Any CPU.ActiveCfg = Release|Win32
		{8C69B884-7161-47E1-AC0D-111B3F081449}.Release|x64.ActiveCfg = Release|x64
		{8C69B884-7161-47E1-AC0D-111B3F081449}.Release|x64.Build.0 = Release|x64
		{8C69B884-7161-47E1-AC0D-111B3F081449}.Release|x86.ActiveCfg = Release|Win32
		{8C69B884-7161-47E1-AC0D-111B3F081449}.Release|x86.Build.0 = Release|Win32
		{F830CFD2-DE92-422A-ADF2-855A2CC811A3}.Debug|Any CPU.ActiveCfg = Debug|Win32
		{F830CFD2-DE92-422A-ADF2-855A2CC811A3}.Debug|x64.ActiveCfg = Debug|x64
		{F830CFD2-DE92-422A-ADF2-855A2CC811A3}.Debug|x64.Build.0 = Debug|x64
		{F830CFD2-DE92-422A-ADF2-855A2CC811A3}.Debug|x86.ActiveCfg = Debug|Win32
		{F830CFD2-DE92-422A-ADF2-855A2CC811A3}.Debug|x86.Build.0 = Debug|Win32
		{F830CFD2-DE92-422A-ADF2-855A2CC811A3}.Release|Any CPU.ActiveCfg = Release|Win32
		{F830CFD2-DE92-422A-ADF2-855A2CC811A3}.Release|x64.ActiveCfg = Release|x64
		{F830CFD2-DE92-422A-ADF2-855A2CC811A3}.Release|x64.Build.0 = Release|x64
		{F830CFD2-DE92-422A-ADF2-855A2CC811A3}.Release|x86.ActiveCfg = Release|Win32
		{F830CFD2-DE92-422A-ADF2-855A2CC811A3}.Release|x86.Build.0 = Release|Win32
		{0915C8FA-D3B0-4484-900A-13F59AEBFBCC}.Debug|Any CPU.ActiveCfg = Debug|Win32
		{0915C8FA-D3B0-4484-900A-13F59AEBFBCC}.Debug|x64.ActiveCfg = Debug|x64
		{0915C8FA-D3B0-4484-900A-13F59AEBFBCC}.Debug|x64.Build.0 = Debug|x64
		{0915C8FA-D3B0-4484-900A-13F59AEBFBCC}.Debug|x86.ActiveCfg = Debug|Win32
		{0915C8FA-D3B0-4484-900A-13F59AEBFBCC}.Debug|x86.Build.0 = Debug|Win32
		{0915C8FA-D3B0-4484-900A-13F59AEBFBCC}.Release|Any CPU.ActiveCfg = Release|Win32
		{0915C8FA-D3B0-4484-900A-13F59AEBFBCC}.Release|x64.ActiveCfg = Release|x64
		{0915C8FA-D3B0-4484-900A-13F59AEBFBCC}.Release|x64.Build.0 = Release|x64
		{0915C8FA-D3B0-4484-900A-13F59AEBFBCC}.Release|x86.ActiveCfg = Release|Win32
		{0915C8FA-D3B0-4484-900A-13F59AEBFBCC}.Release|x86.Build.0 = Release|Win32
		{4A215CCD-694A-4692-9D2F-F55B9F3AD0C3}.Debug|Any CPU.ActiveCfg = Debug|Win32
		{4A215CCD-694A-4692-9D2F-F55B9F3AD0C3}.Debug|x64.ActiveCfg = Debug|x64
		{4A215CCD-694A-4692-9D2F-F55B9F3AD0C3}.Debug|x64.Build.0 = Debug|x64
		{4A215CCD-694A-4692-9D2F-F55B9F3AD0C3}.Debug|x86.ActiveCfg = Debug|Win32
		{4A215CCD-694A-4692-9D2F-F55B9F3AD0C3}.Debug|x86.Build.0 = Debug|Win32
		{4A215CCD-694A-4692-9D2F-F55B9F3AD0C3}.Release|Any CPU.ActiveCfg = Release|Win32
		{4A215CCD-694A-4692-9D2F-F55B9F3AD0C3}.Release|x64.ActiveCfg = Release|x64
		{4A215CCD-694A-4692-9D2F-F55B9F3AD0C3}.Release|x64.Build.0 = Release|x64
		{4A215CCD-694A-4692-9D2F-F55B9F3AD0C3}.Release|x86.ActiveCfg = Release|Win32
		{4A215CCD-694A-4692-9D2F-F55B9F3AD0C3}.Release|x86.Build.0 = Release|Win32
		{380FE52A-B4F9-4369-B4B5-59B60402ABC1}.Debug|Any CPU.ActiveCfg = Debug|Win32
		{380FE52A-B4F9-4369-B4B5-59B60402ABC1}.Debug|x64.ActiveCfg = Debug|x64
		{380FE52A-B4F9-4369-B4B5-59B60402ABC1}.Debug|x64.Build.0 = Debug|x64
		{380FE52A-B4F9-4369-B4B5-59B60402ABC1}.Debug|x86.ActiveCfg = Debug|Win32
		{380FE52A-B4F9-4369-B4B5-59B60402ABC1}.Debug|x86.Build.0 = Debug|Win32
		{380FE52A-B4F9-4369-B4B5-59B60402ABC1}.Release|Any CPU.ActiveCfg = Release|Win32
		{380FE52A-B4F9-4369-B4B5-59B60402ABC1}.Release|x64.ActiveCfg = Release|x64
		{380FE52A-B4F9-4369-B4B5-59B60402ABC1}.Release|x64.Build.0 = Release|x64
		{380FE52A-B4F9-4369-B4B5-59B60402ABC1}.Release|x86.ActiveCfg = Release|Win32
		{380FE52A-B4F9-4369-B4B5-59B60402ABC1}.Release|x86.Build.0 = Release|Win32
		{143103BC-3768-481C-A18A-A37CD4398FB4}.Debug|Any CPU.ActiveCfg = Debug|Win32
		{143103BC-3768-481C-A18A-A37CD4398FB4}.Debug|x64.ActiveCfg = Debug|x64
		{143103BC-3768-481C-A18A-A37CD4398FB4}.Debug|x64.Build.0 = Debug|x64
		{143103BC-3768-481C-A18A-A37CD4398FB4}.Debug|x86.ActiveCfg = Debug|Win32
		{143103BC-3768-481C-A18A-A37CD4398FB4}.Debug|x86.Build.0 = Debug|Win32
		{143103BC-3768-481C-A18A-A37CD4398FB4}.Release|Any CPU.ActiveCfg = Release|Win32
		{143103BC-3768-481C-A18A-A37CD4398FB4}.Release|x64.ActiveCfg = Release|x64
		{143103BC-3768-481C-A18A-A37CD4398FB4}.Release|x64.Build.0 = Release|x64
		{143103BC-3768-481C-A18A-A37CD4398FB4}.Release|x86.ActiveCfg = Release|Win32
		{143103BC-3768-481C-A18A-A37CD4398FB4}.Release|x86.Build.0 = Release|Win32
		{7EE9D2FE-FA42-4A3A-9604-FD8D5904CFB3}.Debug|Any CPU.ActiveCfg = Debug|Win32
		{7EE9D2FE-FA42-4A3A-9604-FD8D5904CFB3}.Debug|x64.ActiveCfg = Debug|x64
		{7EE9D2FE-FA42-4A3A-9604-FD8D5904CFB3}.Debug|x64.Build.0 = Debug|x64
		{7EE9D2FE-FA42-4A3A-9604-FD8D5904CFB3}.Debug|x86.ActiveCfg = Debug|Win32
		{7EE9D2FE-FA42-4A3A-9604-FD8D5904CFB3}.Debug|x86.Build.0 = Debug|Win32
		{7EE9D2FE-FA42-4A3A-9604-FD8D5904CFB3}.Release|Any CPU.ActiveCfg = Release|Win32
		{7EE9D2FE-FA42-4A3A-9604-FD8D5904CFB3}.Release|x64.ActiveCfg = Release|x64
		{7EE9D2FE-FA42-4A3A-9604-FD8D5904CFB3}.Release|x64.Build.0 = Release|x64
		{7EE9D2FE-FA42-4A3A-9604-FD8D5904CFB3}.Release|x86.ActiveCfg = Release|Win32
		{7EE9D2FE-FA42-4A3A-9604-FD8D5904CFB3}.Release|x86.Build.0 = Release|Win32
		{EE812170-1BD3-481D-8EBD-D0B7CD8B9AD4}.Debug|Any CPU.ActiveCfg = Debug|Win32
		{EE812170-1BD3-481D-8EBD-D0B7CD8B9AD4}.Debug|x64.ActiveCfg = Debug|x64
		{EE812170-1BD3-481D-8EBD-D0B7CD8B9AD4}.Debug|x64.Build.0 = Debug|x64
		{EE812170-1BD3-481D-8EBD-D0B7CD8B9AD4}.Debug|x86.ActiveCfg = Debug|Win32
		{EE812170-1BD3-481D-8EBD-D0B7CD8B9AD4}.Debug|x86.Build.0 = Debug|Win32
		{EE812170-1BD3-481D-8EBD-D0B7CD8B9AD4}.Release|Any CPU.ActiveCfg = Release|Win32
		{EE812170-1BD3-481D-8EBD-D0B7CD8B9AD4}.Release|x64.ActiveCfg = Release|x64
		{EE812170-1BD3-481D-8EBD-D0B7CD8B9AD4}.Release|x64.Build.0 = Release|x64
		{EE812170-1BD3-481D-8EBD-D0B7CD8B9AD4}.Release|x86.ActiveCfg = Release|Win32
		{EE812170-1BD3-481D-8EBD-D0B7CD8B9AD4}.Release|x86.Build.0 = Release|Win32
		{67026F4C-28B0-4985-A584-B2521A16453C}.Debug|Any CPU.ActiveCfg = Debug|Win32
		{67026F4C-28B0-4985-A584-B2521A16453C}.Debug|x64.ActiveCfg = Debug|x64
		{67026F4C-28B0-4985-A584-B2521A16453C}.Debug|x64.Build.0 = Debug|x64
		{67026F4C-28B0-4985-A584-B2521A16453C}.Debug|x86.ActiveCfg = Debug|Win32
		{67026F4C-28B0-4985-A584-B2521A16453C}.Debug|x86.Build.0 = Debug|Win32
		{67026F4C-28B0-4985-A584-B2521A16453C}.Release|Any CPU.ActiveCfg = Release|Win32
		{67026F4C-28B0-4985-A584-B2521A16453C}.Release|x64.ActiveCfg = Release|x64
		{67026F4C-28B0-4985-A584-B2521A16453C}.Release|x64.Build.0 = Release|x64
		{67026F4C-28B0-4985-A584-B2521A16453C}.Release|x86.ActiveCfg = Release|Win32
		{67026F4C-28B0-4985-A584-B2521A16453C}.Release|x86.Build.0 = Release|Win32
		{DDD157B1-D45B-4ED8-92F1-E65F1AEC48FC}.Debug|Any CPU.ActiveCfg = Debug|Win32
		{DDD157B1-D45B-4ED8-92F1-E65F1AEC48FC}.Debug|x64.ActiveCfg = Debug|x64
		{DDD157B1-D45B-4ED8-92F1-E65F1AEC48FC}.Debug|x64.Build.0 = Debug|x64
		{DDD157B1-D45B-4ED8-92F1-E65F1AEC48FC}.Debug|x86.ActiveCfg = Debug|Win32
		{DDD157B1-D45B-4ED8-92F1-E65F1AEC48FC}.Debug|x86.Build.0 = Debug|Win32
		{DDD157B1-D45B-4ED8-92F1-E65F1AEC48FC}.Release|Any CPU.ActiveCfg = Release|Win32
		{DDD157B1-D45B-4ED8-92F1-E65F1AEC48FC}.Release|x64.ActiveCfg = Release|x64
		{DDD157B1-D45B-4ED8-92F1-E65F1AEC48FC}.Release|x64.Build.0 = Release|x64
		{DDD157B1-D45B-4ED8-92F1-E65F1AEC48FC}.Release|x86.ActiveCfg = Release|Win32
		{DDD157B1-D45B-4ED8-92F1-E65F1AEC48FC}.Release|x86.Build.0 = Release|Win32
		{EECAEED0-F356-4C69-995E-F84E58D796F0}.Debug|Any CPU.ActiveCfg = Debug|Win32
		{EECAEED0-F356-4C69-995E-F84E58D796F0}.Debug|x64.ActiveCfg = Debug|x64
		{EECAEED0-F356-4C69-995E-F84E58D796F0}.Debug|x64.Build.0 = Debug|x64
		{EECAEED0-F356-4C69-995E-F84E58D796F0}.Debug|x86.ActiveCfg = Debug|Win32
		{EECAEED0-F356-4C69-995E-F84E58D796F0}.Debug|x86.Build.0 = Debug|Win32
		{EECAEED0-F356-4C69-995E-F84E58D796F0}.Release|Any CPU.ActiveCfg = Release|Win32
		{EECAEED0-F356-4C69-995E-F84E58D796F0}.Release|x64.ActiveCfg = Release|x64
		{EECAEED0-F356-4C69-995E-F84E58D796F0}.Release|x64.Build.0 = Release|x64
		{EECAEED0-F356-4C69-995E-F84E58D796F0}.Release|x86.ActiveCfg = Release|Win32
		{EECAEED0-F356-4C69-995E-F84E58D796F0}.Release|x86.Build.0 = Release|Win32
		{68178D32-2A2F-40EC-87DA-D120600B59E3}.Debug|Any CPU.ActiveCfg = Debug|Win32
		{68178D32-2A2F-40EC-87DA-D120600B59E3}.Debug|x64.ActiveCfg = Debug|x64
		{68178D32-2A2F-40EC-87DA-D120600B59E3}.Debug|x64.Build.0 = Debug|x64
		{68178D32-2A2F-40EC-87DA-D120600B59E3}.Debug|x86.ActiveCfg = Debug|Win32
		{68178D32-2A2F-40EC-87DA-D120600B59E3}.Debug|x86.Build.0 = Debug|Win32
		{68178D32-2A2F-40EC-87DA-D120600B59E3}.Release|Any CPU.ActiveCfg = Release|Win32
		{68178D32-2A2F-40EC-87DA-D120600B59E3}.Release|x64.ActiveCfg = Release|x64
		{68178D32-2A2F-40EC-87DA-D120600B59E3}.Release|x64.Build.0 = Release|x64
		{68178D32-2A2F-40EC-87DA-D120600B59E3}.Release|x86.ActiveCfg = Release|Win32
		{68178D32-2A2F-40EC-87DA-D120600B59E3}.Release|x86.Build.0 = Release|Win32
		{4FB3D83E-D4D9-41C6-931E-28498766320F}.Debug|Any CPU.ActiveCfg = Debug|Win32
		{4FB3D83E-D4D9-41C6-931E-28498766320F}.Debug|x64.ActiveCfg = Debug|x64
		{4FB3D83E-D4D9-41C6-931E-28498766320F}.Debug|x64.Build.0 = Debug|x64
		{4FB3D83E-D4D9-41C6-931E-28498766320F}.Debug|x86.ActiveCfg = Debug|Win32
		{4FB3D83E-D4D9-41C6-931E-28498766320F}.Debug|x86.Build.0 = Debug|Win32
		{4FB3D83E-D4D9-41C6-931E-28498766320F}.Release|Any CPU.ActiveCfg = Release|Win32
		{4FB3D83E-D4D9-41C6-931E-28498766320F}.Release|x64.ActiveCfg = Release|x64
		{4FB3D83E-D4D9-41C6-931E-28498766320F}.Release|x64.Build.0 = Release|x64
		{4FB3D83E-D4D9-41C6-931E-28498766320F}.Release|x86.ActiveCfg = Release|Win32
		{4FB3D83E-D4D9-41C6-931E-28498766320F}.Release|x86.Build.0 = Release|Win32
		{440A8565-CE1B-4F26-BC24-81B73A2F3C3A}.Debug|Any CPU.ActiveCfg = Debug|Win32
		{440A8565-CE1B-4F26-BC24-81B73A2F3C3A}.Debug|x64.ActiveCfg = Debug|x64
		{440A8565-CE1B-4F26-BC24-81B73A2F3C3A}.Debug|x64.Build.0 = Debug|x64
		{440A8565-CE1B-4F26-BC24-81B73A2F3C3A}.Debug|x86.ActiveCfg = Debug|Win32
		{440A8565-CE1B-4F26-BC24-81B73A2F3C3A}.Debug|x86.Build.0 = Debug|Win32
		{440A8565-CE1B-4F26-BC24-81B73A2F3C3A}.Release|Any CPU.ActiveCfg = Release|Win32
		{440A8565-CE1B-4F26-BC24-81B73A2F3C3A}.Release|x64.ActiveCfg = Release|x64
		{440A8565-CE1B-4F26-BC24-81B73A2F3C3A}.Release|x64.Build.0 = Release|x64
		{440A8565-CE1B-4F26-BC24-81B73A2F3C3A}.Release|x86.ActiveCfg = Release|Win32
		{440A8565-CE1B-4F26-BC24-81B73A2F3C3A}.Release|x86.Build.0 = Release|Win32
		{2415EC04-1432-4AF8-A132-4985FBB521E1}.Debug|Any CPU.ActiveCfg = Debug|Win32
		{2415EC04-1432-4AF8-A132-4985FBB521E1}.Debug|x64.ActiveCfg = Debug|x64
		{2415EC04-1432-4AF8-A132-4985FBB521E1}.Debug|x64.Build.0 = Debug|x64
		{2415EC04-1432-4AF8-A132-4985FBB521E1}.Debug|x86.ActiveCfg = Debug|Win32
		{2415EC04-1432-4AF8-A132-4985FBB521E1}.Debug|x86.Build.0 = Debug|Win32
		{2415EC04-1432-4AF8-A132-4985FBB521E1}.Release|Any CPU.ActiveCfg = Release|Win32
		{2415EC04-1432-4AF8-A132-4985FBB521E1}.Release|x64.ActiveCfg = Release|x64
		{2415EC04-1432-4AF8-A132-4985FBB521E1}.Release|x64.Build.0 = Release|x64
		{2415EC04-1432-4AF8-A132-4985FBB521E1}.Release|x86.ActiveCfg = Release|Win32
		{2415EC04-1432-4AF8-A132-4985FBB521E1}.Release|x86.Build.0 = Release|Win32
		{2E42EAA8-41E2-4382-93F7-BBB22FCDF17D}.Debug|Any CPU.ActiveCfg = Debug|Win32
		{2E42EAA8-41E2-4382-93F7-BBB22FCDF17D}.Debug|x64.ActiveCfg = Debug|x64
		{2E42EAA8-41E2-4382-93F7-BBB22FCDF17D}.Debug|x64.Build.0 = Debug|x64
		{2E42EAA8-41E2-4382-93F7-BBB22FCDF17D}.Debug|x86.ActiveCfg = Debug|Win32
		{2E42EAA8-41E2-4382-93F7-BBB22FCDF17D}.Debug|x86.Build.0 = Debug|Win32
		{2E42EAA8-41E2-4382-93F7-BBB22FCDF17D}.Release|Any CPU.ActiveCfg = Release|Win32
		{2E42EAA8-41E2-4382-93F7-BBB22FCDF17D}.Release|x64.ActiveCfg = Release|x64
		{2E42EAA8-41E2-4382-93F7-BBB22FCDF17D}.Release|x64.Build.0 = Release|x64
		{2E42EAA8-41E2-4382-93F7-BBB22FCDF17D}.Release|x86.ActiveCfg = Release|Win32
		{2E42EAA8-41E2-4382-93F7-BBB22FCDF17D}.Release|x86.Build.0 = Release|Win32
		{FF171240-2FC1-402B-951A-E0FD8DDF9985}.Debug|Any CPU.ActiveCfg = Debug|Win32
		{FF171240-2FC1-402B-951A-E0FD8DDF9985}.Debug|x64.ActiveCfg = Debug|x64
		{FF171240-2FC1-402B-951A-E0FD8DDF9985}.Debug|x64.Build.0 = Debug|x64
		{FF171240-2FC1-402B-951A-E0FD8DDF9985}.Debug|x86.ActiveCfg = Debug|Win32
		{FF171240-2FC1-402B-951A-E0FD8DDF9985}.Debug|x86.Build.0 = Debug|Win32
		{FF171240-2FC1-402B-951A-E0FD8DDF9985}.Release|Any CPU.ActiveCfg = Release|Win32
		{FF171240-2FC1-402B-951A-E0FD8DDF9985}.Release|x64.ActiveCfg = Release|x64
		{FF171240-2FC1-402B-951A-E0FD8DDF9985}.Release|x64.Build.0 = Release|x64
		{FF171240-2FC1-402B-951A-E0FD8DDF9985}.Release|x86.ActiveCfg = Release|Win32
		{FF171240-2FC1-402B-951A-E0FD8DDF9985}.Release|x86.Build.0 = Release|Win32
		{36FFD814-4370-4239-A9AB-E639830207BF}.Debug|Any CPU.ActiveCfg = Debug|Win32
		{36FFD814-4370-4239-A9AB-E639830207BF}.Debug|x64.ActiveCfg = Debug|x64
		{36FFD814-4370-4239-A9AB-E639830207BF}.Debug|x64.Build.0 = Debug|x64
		{36FFD814-4370-4239-A9AB-E639830207BF}.Debug|x86.ActiveCfg = Debug|Win32
		{36FFD814-4370-4239-A9AB-E639830207BF}.Debug|x86.Build.0 = Debug|Win32
		{36FFD814-4370-4239-A9AB-E639830207BF}.Release|Any CPU.ActiveCfg = Release|Win32
		{36FFD814-4370-4239-A9AB-E639830207BF}.Release|x64.ActiveCfg = Release|x64
		{36FFD814-4370-4239-A9AB-E639830207BF}.Release|x64.Build.0 = Release|x64
		{36FFD814-4370-4239-A9AB-E639830207BF}.Release|x86.ActiveCfg = Release|Win32
		{36FFD814-4370-4239-A9AB-E639830207BF}.Release|x86.Build.0 = Release|Win32
		{7D1C4EAC-58BC-4D52-8734-A040CC6D5F37}.Debug|Any CPU.ActiveCfg = Debug|Win32
		{7D1C4EAC-58BC-4D52-8734-A040CC6D5F37}.Debug|x64.ActiveCfg = Debug|x64
		{7D1C4EAC-58BC-4D52-8734-A040CC6D5F37}.Debug|x64.Build.0 = Debug|x64
		{7D1C4EAC-58BC-4D52-8734-A040CC6D5F37}.Debug|x86.ActiveCfg = Debug|Win32
		{7D1C4EAC-58BC-4D52-8734-A040CC6D5F37}.Debug|x86.Build.0 = Debug|Win32
		{7D1C4EAC-58BC-4D52-8734-A040CC6D5F37}.Release|Any CPU.ActiveCfg = Release|Win32
		{7D1C4EAC-58BC-4D52-8734-A040CC6D5F37}.Release|x64.ActiveCfg = Release|x64
		{7D1C4EAC-58BC-4D52-8734-A040CC6D5F37}.Release|x64.Build.0 = Release|x64
		{7D1C4EAC-58BC-4D52-8734-A040CC6D5F37}.Release|x86.ActiveCfg = Release|Win32
		{7D1C4EAC-58BC-4D52-8734-A040CC6D5F37}.Release|x86.Build.0 = Release|Win32
		{F6FD135D-5B59-48BF-AC09-DD0F28EB4170}.Debug|Any CPU.ActiveCfg = Debug|Win32
		{F6FD135D-5B59-48BF-AC09-DD0F28EB4170}.Debug|x64.ActiveCfg = Debug|x64
		{F6FD135D-5B59-48BF-AC09-DD0F28EB4170}.Debug|x64.Build.0 = Debug|x64
		{F6FD135D-5B59-48BF-AC09-DD0F28EB4170}.Debug|x86.ActiveCfg = Debug|Win32
		{F6FD135D-5B59-48BF-AC09-DD0F28EB4170}.Debug|x86.Build.0 = Debug|Win32
		{F6FD135D-5B59-48BF-AC09-DD0F28EB4170}.Release|Any CPU.ActiveCfg = Release|Win32
		{F6FD135D-5B59-48BF-AC09-DD0F28EB4170}.Release|x64.ActiveCfg = Release|x64
		{F6FD135D-5B59-48BF-AC09-DD0F28EB4170}.Release|x64.Build.0 = Release|x64
		{F6FD135D-5B59-48BF-AC09-DD0F28EB4170}.Release|x86.ActiveCfg = Release|Win32
		{F6FD135D-5B59-48BF-AC09-DD0F28EB4170}.Release|x86.Build.0 = Release|Win32
		{2CD2B8BC-7657-4688-BB9A-0FCED1C6160D}.Debug|Any CPU.ActiveCfg = Debug|Win32
		{2CD2B8BC-7657-4688-BB9A-0FCED1C6160D}.Debug|x64.ActiveCfg = Debug|x64
		{2CD2B8BC-7657-4688-BB9A-0FCED1C6160D}.Debug|x64.Build.0 = Debug|x64
		{2CD2B8BC-7657-4688-BB9A-0FCED1C6160D}.Debug|x86.ActiveCfg = Debug|Win32
		{2CD2B8BC-7657-4688-BB9A-0FCED1C6160D}.Debug|x86.Build.0 = Debug|Win32
		{2CD2B8BC-7657-4688-BB9A-0FCED1C6160D}.Release|Any CPU.ActiveCfg = Release|Win32
		{2CD2B8BC-7657-4688-BB9A-0FCED1C6160D}.Release|x64.ActiveCfg = Release|x64
		{2CD2B8BC-7657-4688-BB9A-0FCED1C6160D}.Release|x64.Build.0 = Release|x64
		{2CD2B8BC-7657-4688-BB9A-0FCED1C6160D}.Release|x86.ActiveCfg = Release|Win32
		{2CD2B8BC-7657-4688-BB9A-0FCED1C6160D}.Release|x86.Build.0 = Release|Win32
		{63F0DD69-9A09-40DC-A98C-996C1146DB54}.Debug|Any CPU.ActiveCfg = Debug|Win32
		{63F0DD69-9A09-40DC-A98C-996C1146DB54}.Debug|x64.ActiveCfg = Debug|x64
		{63F0DD69-9A09-40DC-A98C-996C1146DB54}.Debug|x64.Build.0 = Debug|x64
		{63F0DD69-9A09-40DC-A98C-996C1146DB54}.Debug|x86.ActiveCfg = Debug|Win32
		{63F0DD69-9A09-40DC-A98C-996C1146DB54}.Debug|x86.Build.0 = Debug|Win32
		{63F0DD69-9A09-40DC-A98C-996C1146DB54}.Release|Any CPU.ActiveCfg = Release|Win32
		{63F0DD69-9A09-40DC-A98C-996C1146DB54}.Release|x64.ActiveCfg = Release|x64
		{63F0DD69-9A09-40DC-A98C-996C1146DB54}.Release|x64.Build.0 = Release|x64
		{63F0DD69-9A09-40DC-A98C-996C1146DB54}.Release|x86.ActiveCfg = Release|Win32
		{63F0DD69-9A09-40DC-A98C-996C1146DB54}.Release|x86.Build.0 = Release|Win32
		{89D5AC94-36B7-40FF-9695-5187C10BA0C1}.Debug|Any CPU.ActiveCfg = Debug|Win32
		{89D5AC94-36B7-40FF-9695-5187C10BA0C1}.Debug|x64.ActiveCfg = Debug|x64
		{89D5AC94-36B7-40FF-9695-5187C10BA0C1}.Debug|x64.Build.0 = Debug|x64
		{89D5AC94-36B7-40FF-9695-5187C10BA0C1}.Debug|x86.ActiveCfg = Debug|Win32
		{89D5AC94-36B7-40FF-9695-5187C10BA0C1}.Debug|x86.Build.0 = Debug|Win32
		{89D5AC94-36B7-40FF-9695-5187C10BA0C1}.Release|Any CPU.ActiveCfg = Release|Win32
		{89D5AC94-36B7-40FF-9695-5187C10BA0C1}.Release|x64.ActiveCfg = Release|x64
		{89D5AC94-36B7-40FF-9695-5187C10BA0C1}.Release|x64.Build.0 = Release|x64
		{89D5AC94-36B7-40FF-9695-5187C10BA0C1}.Release|x86.ActiveCfg = Release|Win32
		{89D5AC94-36B7-40FF-9695-5187C10BA0C1}.Release|x86.Build.0 = Release|Win32
		{046810BC-E527-49F2-BB0D-9EF4CFB68643}.Debug|Any CPU.ActiveCfg = Debug|Win32
		{046810BC-E527-49F2-BB0D-9EF4CFB68643}.Debug|x64.ActiveCfg = Debug|x64
		{046810BC-E527-49F2-BB0D-9EF4CFB68643}.Debug|x64.Build.0 = Debug|x64
		{046810BC-E527-49F2-BB0D-9EF4CFB68643}.Debug|x86.ActiveCfg = Debug|Win32
		{046810BC-E527-49F2-BB0D-9EF4CFB68643}.Debug|x86.Build.0 = Debug|Win32
		{046810BC-E527-49F2-BB0D-9EF4CFB68643}.Release|Any CPU.ActiveCfg = Release|Win32
		{046810BC-E527-49F2-BB0D-9EF4CFB68643}.Release|x64.ActiveCfg = Release|x64
		{046810BC-E527-49F2-BB0D-9EF4CFB68643}.Release|x64.Build.0 = Release|x64
		{046810BC-E527-49F2-BB0D-9EF4CFB68643}.Release|x86.ActiveCfg = Release|Win32
		{046810BC-E527-49F2-BB0D-9EF4CFB68643}.Release|x86.Build.0 = Release|Win32
		{17633F4F-66FF-4229-BC14-1DC328A74646}.Debug|Any CPU.ActiveCfg = Debug|Win32
		{17633F4F-66FF-4229-BC14-1DC328A74646}.Debug|x64.ActiveCfg = Debug|x64
		{17633F4F-66FF-4229-BC14-1DC328A74646}.Debug|x64.Build.0 = Debug|x64
		{17633F4F-66FF-4229-BC14-1DC328A74646}.Debug|x86.ActiveCfg = Debug|Win32
		{17633F4F-66FF-4229-BC14-1DC328A74646}.Debug|x86.Build.0 = Debug|Win32
		{17633F4F-66FF-4229-BC14-1DC328A74646}.Release|Any CPU.ActiveCfg = Release|Win32
		{17633F4F-66FF-4229-BC14-1DC328A74646}.Release|x64.ActiveCfg = Release|x64
		{17633F4F-66FF-4229-BC14-1DC328A74646}.Release|x64.Build.0 = Release|x64
		{17633F4F-66FF-4229-BC14-1DC328A74646}.Release|x86.ActiveCfg = Release|Win32
		{17633F4F-66FF-4229-BC14-1DC328A74646}.Release|x86.Build.0 = Release|Win32
		{C7D8417D-EB89-4F42-881C-A4F22AE72EBA}.Debug|Any CPU.ActiveCfg = Debug|Win32
		{C7D8417D-EB89-4F42-881C-A4F22AE72EBA}.Debug|x64.ActiveCfg = Debug|x64
		{C7D8417D-EB89-4F42-881C-A4F22AE72EBA}.Debug|x64.Build.0 = Debug|x64
		{C7D8417D-EB89-4F42-881C-A4F22AE72EBA}.Debug|x86.ActiveCfg = Debug|Win32
		{C7D8417D-EB89-4F42-881C-A4F22AE72EBA}.Debug|x86.Build.0 = Debug|Win32
		{C7D8417D-EB89-4F42-881C-A4F22AE72EBA}.Release|Any CPU.ActiveCfg = Release|Win32
		{C7D8417D-EB89-4F42-881C-A4F22AE72EBA}.Release|x64.ActiveCfg = Release|x64
		{C7D8417D-EB89-4F42-881C-A4F22AE72EBA}.Release|x64.Build.0 = Release|x64
		{C7D8417D-EB89-4F42-881C-A4F22AE72EBA}.Release|x86.ActiveCfg = Release|Win32
		{C7D8417D-EB89-4F42-881C-A4F22AE72EBA}.Release|x86.Build.0 = Release|Win32
		{663983B6-69E9-4145-B0D4-0C91DF6FAC41}.Debug|Any CPU.ActiveCfg = Debug|Win32
		{663983B6-69E9-4145-B0D4-0C91DF6FAC41}.Debug|x64.ActiveCfg = Debug|x64
		{663983B6-69E9-4145-B0D4-0C91DF6FAC41}.Debug|x64.Build.0 = Debug|x64
		{663983B6-69E9-4145-B0D4-0C91DF6FAC41}.Debug|x86.ActiveCfg = Debug|Win32
		{663983B6-69E9-4145-B0D4-0C91DF6FAC41}.Debug|x86.Build.0 = Debug|Win32
		{663983B6-69E9-4145-B0D4-0C91DF6FAC41}.Release|Any CPU.ActiveCfg = Release|Win32
		{663983B6-69E9-4145-B0D4-0C91DF6FAC41}.Release|x64.ActiveCfg = Release|x64
		{663983B6-69E9-4145-B0D4-0C91DF6FAC41}.Release|x64.Build.0 = Release|x64
		{663983B6-69E9-4145-B0D4-0C91DF6FAC41}.Release|x86.ActiveCfg = Release|Win32
		{663983B6-69E9-4145-B0D4-0C91DF6FAC41}.Release|x86.Build.0 = Release|Win32
		{F858F67C-2CC1-4431-89EA-32B01251A8C5}.Debug|Any CPU.ActiveCfg = Debug|Win32
		{F858F67C-2CC1-4431-89EA-32B01251A8C5}.Debug|x64.ActiveCfg = Debug|x64
		{F858F67C-2CC1-4431-89EA-32B01251A8C5}.Debug|x64.Build.0 = Debug|x64
		{F858F67C-2CC1-4431-89EA-32B01251A8C5}.Debug|x86.ActiveCfg = Debug|Win32
		{F858F67C-2CC1-4431-89EA-32B01251A8C5}.Debug|x86.Build.0 = Debug|Win32
		{F858F67C-2CC1-4431-89EA-32B01251A8C5}.Release|Any CPU.ActiveCfg = Release|Win32
		{F858F67C-2CC1-4431-89EA-32B01251A8C5}.Release|x64.ActiveCfg = Release|x64
		{F858F67C-2CC1-4431-89EA-32B01251A8C5}.Release|x64.Build.0 = Release|x64
		{F858F67C-2CC1-4431-89EA-32B01251A8C5}.Release|x86.ActiveCfg = Release|Win32
		{F858F67C-2CC1-4431-89EA-32B01251A8C5}.Release|x86.Build.0 = Release|Win32
		{337075E1-CEA8-4931-93FF-5F4A1F93C3F2}.Debug|Any CPU.ActiveCfg = Debug|Win32
		{337075E1-CEA8-4931-93FF-5F4A1F93C3F2}.Debug|x64.ActiveCfg = Debug|x64
		{337075E1-CEA8-4931-93FF-5F4A1F93C3F2}.Debug|x64.Build.0 = Debug|x64
		{337075E1-CEA8-4931-93FF-5F4A1F93C3F2}.Debug|x86.ActiveCfg = Debug|Win32
		{337075E1-CEA8-4931-93FF-5F4A1F93C3F2}.Debug|x86.Build.0 = Debug|Win32
		{337075E1-CEA8-4931-93FF-5F4A1F93C3F2}.Release|Any CPU.ActiveCfg = Release|Win32
		{337075E1-CEA8-4931-93FF-5F4A1F93C3F2}.Release|x64.ActiveCfg = Release|x64
		{337075E1-CEA8-4931-93FF-5F4A1F93C3F2}.Release|x64.Build.0 = Release|x64
		{337075E1-CEA8-4931-93FF-5F4A1F93C3F2}.Release|x86.ActiveCfg = Release|Win32
		{337075E1-CEA8-4931-93FF-5F4A1F93C3F2}.Release|x86.Build.0 = Release|Win32
		{667B7D00-2FBF-484E-A548-B2143A6FF417}.Debug|Any CPU.ActiveCfg = Debug|Win32
		{667B7D00-2FBF-484E-A548-B2143A6FF417}.Debug|x64.ActiveCfg = Debug|x64
		{667B7D00-2FBF-484E-A548-B2143A6FF417}.Debug|x64.Build.0 = Debug|x64
		{667B7D00-2FBF-484E-A548-B2143A6FF417}.Debug|x86.ActiveCfg = Debug|Win32
		{667B7D00-2FBF-484E-A548-B2143A6FF417}.Debug|x86.Build.0 = Debug|Win32
		{667B7D00-2FBF-484E-A548-B2143A6FF417}.Release|Any CPU.ActiveCfg = Release|Win32
		{667B7D00-2FBF-484E-A548-B2143A6FF417}.Release|x64.ActiveCfg = Release|x64
		{667B7D00-2FBF-484E-A548-B2143A6FF417}.Release|x64.Build.0 = Release|x64
		{667B7D00-2FBF-484E-A548-B2143A6FF417}.Release|x86.ActiveCfg = Release|Win32
		{667B7D00-2FBF-484E-A548-B2143A6FF417}.Release|x86.Build.0 = Release|Win32
		{9AE995D1-AD70-4A66-B13D-7BE1A4533A31}.Debug|Any CPU.ActiveCfg = Debug|Win32
		{9AE995D1-AD70-4A66-B13D-7BE1A4533A31}.Debug|x64.ActiveCfg = Debug|x64
		{9AE995D1-AD70-4A66-B13D-7BE1A4533A31}.Debug|x64.Build.0 = Debug|x64
		{9AE995D1-AD70-4A66-B13D-7BE1A4533A31}.Debug|x86.ActiveCfg = Debug|Win32
		{9AE995D1-AD70-4A66-B13D-7BE1A4533A31}.Debug|x86.Build.0 = Debug|Win32
		{9AE995D1-AD70-4A66-B13D-7BE1A4533A31}.Release|Any CPU.ActiveCfg = Release|Win32
		{9AE995D1-AD70-4A66-B13D-7BE1A4533A31}.Release|x64.ActiveCfg = Release|x64
		{9AE995D1-AD70-4A66-B13D-7BE1A4533A31}.Release|x64.Build.0 = Release|x64
		{9AE995D1-AD70-4A66-B13D-7BE1A4533A31}.Release|x86.ActiveCfg = Release|Win32
		{9AE995D1-AD70-4A66-B13D-7BE1A4533A31}.Release|x86.Build.0 = Release|Win32
		{6D48ACAC-76F9-4583-9093-5BE773A5A950}.Debug|Any CPU.ActiveCfg = Debug|Win32
		{6D48ACAC-76F9-4583-9093-5BE773A5A950}.Debug|x64.ActiveCfg = Debug|x64
		{6D48ACAC-76F9-4583-9093-5BE773A5A950}.Debug|x64.Build.0 = Debug|x64
		{6D48ACAC-76F9-4583-9093-5BE773A5A950}.Debug|x86.ActiveCfg = Debug|Win32
		{6D48ACAC-76F9-4583-9093-5BE773A5A950}.Debug|x86.Build.0 = Debug|Win32
		{6D48ACAC-76F9-4583-9093-5BE773A5A950}.Release|Any CPU.ActiveCfg = Release|Win32
		{6D48ACAC-76F9-4583-9093-5BE773A5A950}.Release|x64.ActiveCfg = Release|x64
		{6D48ACAC-76F9-4583-9093-5BE773A5A950}.Release|x64.Build.0 = Release|x64
		{6D48ACAC-76F9-4583-9093-5BE773A5A950}.Release|x86.ActiveCfg = Release|Win32
		{6D48ACAC-76F9-4583-9093-5BE773A5A950}.Release|x86.Build.0 = Release|Win32
		{4AB1EEAE-44F4-4CA5-AED0-CAD8E6B9DB54}.Debug|Any CPU.ActiveCfg = Debug|Win32
		{4AB1EEAE-44F4-4CA5-AED0-CAD8E6B9DB54}.Debug|x64.ActiveCfg = Debug|x64
		{4AB1EEAE-44F4-4CA5-AED0-CAD8E6B9DB54}.Debug|x64.Build.0 = Debug|x64
		{4AB1EEAE-44F4-4CA5-AED0-CAD8E6B9DB54}.Debug|x86.ActiveCfg = Debug|Win32
		{4AB1EEAE-44F4-4CA5-AED0-CAD8E6B9DB54}.Debug|x86.Build.0 = Debug|Win32
		{4AB1EEAE-44F4-4CA5-AED0-CAD8E6B9DB54}.Release|Any CPU.ActiveCfg = Release|Win32
		{4AB1EEAE-44F4-4CA5-AED0-CAD8E6B9DB54}.Release|x64.ActiveCfg = Release|x64
		{4AB1EEAE-44F4-4CA5-AED0-CAD8E6B9DB54}.Release|x64.Build.0 = Release|x64
		{4AB1EEAE-44F4-4CA5-AED0-CAD8E6B9DB54}.Release|x86.ActiveCfg = Release|Win32
		{4AB1EEAE-44F4-4CA5-AED0-CAD8E6B9DB54}.Release|x86.Build.0 = Release|Win32
		{CE102EBA-39EB-4FBA-B1BC-DA36AA5DB5D4}.Debug|Any CPU.ActiveCfg = Debug|Win32
		{CE102EBA-39EB-4FBA-B1BC-DA36AA5DB5D4}.Debug|x64.ActiveCfg = Debug|x64
		{CE102EBA-39EB-4FBA-B1BC-DA36AA5DB5D4}.Debug|x64.Build.0 = Debug|x64
		{CE102EBA-39EB-4FBA-B1BC-DA36AA5DB5D4}.Debug|x86.ActiveCfg = Debug|Win32
		{CE102EBA-39EB-4FBA-B1BC-DA36AA5DB5D4}.Debug|x86.Build.0 = Debug|Win32
		{CE102EBA-39EB-4FBA-B1BC-DA36AA5DB5D4}.Release|Any CPU.ActiveCfg = Release|Win32
		{CE102EBA-39EB-4FBA-B1BC-DA36AA5DB5D4}.Release|x64.ActiveCfg = Release|x64
		{CE102EBA-39EB-4FBA-B1BC-DA36AA5DB5D4}.Release|x64.Build.0 = Release|x64
		{CE102EBA-39EB-4FBA-B1BC-DA36AA5DB5D4}.Release|x86.ActiveCfg = Release|Win32
		{CE102EBA-39EB-4FBA-B1BC-DA36AA5DB5D4}.Release|x86.Build.0 = Release|Win32
		{1C10AC8D-C74D-4F4B-8547-193719FA42B5}.Debug|Any CPU.ActiveCfg = Debug|Win32
		{1C10AC8D-C74D-4F4B-8547-193719FA42B5}.Debug|x64.ActiveCfg = Debug|x64
		{1C10AC8D-C74D-4F4B-8547-193719FA42B5}.Debug|x64.Build.0 = Debug|x64
		{1C10AC8D-C74D-4F4B-8547-193719FA42B5}.Debug|x86.ActiveCfg = Debug|Win32
		{1C10AC8D-C74D-4F4B-8547-193719FA42B5}.Debug|x86.Build.0 = Debug|Win32
		{1C10AC8D-C74D-4F4B-8547-193719FA42B5}.Release|Any CPU.ActiveCfg = Release|Win32
		{1C10AC8D-C74D-4F4B-8547-193719FA42B5}.Release|x64.ActiveCfg = Release|x64
		{1C10AC8D-C74D-4F4B-8547-193719FA42B5}.Release|x64.Build.0 = Release|x64
		{1C10AC8D-C74D-4F4B-8547-193719FA42B5}.Release|x86.ActiveCfg = Release|Win32
		{1C10AC8D-C74D-4F4B-8547-193719FA42B5}.Release|x86.Build.0 = Release|Win32
		{90BC644E-CD71-4B78-8221-ABDA80FF6AD3}.Debug|Any CPU.ActiveCfg = Debug|Win32
		{90BC644E-CD71-4B78-8221-ABDA80FF6AD3}.Debug|x64.ActiveCfg = Debug|x64
		{90BC644E-CD71-4B78-8221-ABDA80FF6AD3}.Debug|x64.Build.0 = Debug|x64
		{90BC644E-CD71-4B78-8221-ABDA80FF6AD3}.Debug|x86.ActiveCfg = Debug|Win32
		{90BC644E-CD71-4B78-8221-ABDA80FF6AD3}.Debug|x86.Build.0 = Debug|Win32
		{90BC644E-CD71-4B78-8221-ABDA80FF6AD3}.Release|Any CPU.ActiveCfg = Release|Win32
		{90BC644E-CD71-4B78-8221-ABDA80FF6AD3}.Release|x64.ActiveCfg = Release|x64
		{90BC644E-CD71-4B78-8221-ABDA80FF6AD3}.Release|x64.Build.0 = Release|x64
		{90BC644E-CD71-4B78-8221-ABDA80FF6AD3}.Release|x86.ActiveCfg = Release|Win32
		{90BC644E-CD71-4B78-8221-ABDA80FF6AD3}.Release|x86.Build.0 = Release|Win32
	EndGlobalSection
	GlobalSection(SolutionProperties) = preSolution
		HideSolutionNode = FALSE
	EndGlobalSection
	GlobalSection(NestedProjects) = preSolution
		{F86F10C8-980B-41D7-93CB-93460E195394} = {18B338D7-DF6F-4CC5-A2F2-08FC4A61EDB9}
		{7216A67D-1FD0-45EB-AA53-D3B7E34BFF90} = {18B338D7-DF6F-4CC5-A2F2-08FC4A61EDB9}
		{39F073EB-2B71-44B8-ACB8-A4D4DBF9560B} = {18B338D7-DF6F-4CC5-A2F2-08FC4A61EDB9}
		{25FAD29A-DD94-4985-AE74-0CE490F29117} = {18B338D7-DF6F-4CC5-A2F2-08FC4A61EDB9}
		{0AF81F42-DE63-4EC6-BE01-21E0951EDF54} = {18B338D7-DF6F-4CC5-A2F2-08FC4A61EDB9}
		{34DA1199-B39A-4FFE-9B25-9465608CF0AF} = {18B338D7-DF6F-4CC5-A2F2-08FC4A61EDB9}
		{8C69B884-7161-47E1-AC0D-111B3F081449} = {18B338D7-DF6F-4CC5-A2F2-08FC4A61EDB9}
		{F830CFD2-DE92-422A-ADF2-855A2CC811A3} = {18B338D7-DF6F-4CC5-A2F2-08FC4A61EDB9}
		{0915C8FA-D3B0-4484-900A-13F59AEBFBCC} = {18B338D7-DF6F-4CC5-A2F2-08FC4A61EDB9}
		{4A215CCD-694A-4692-9D2F-F55B9F3AD0C3} = {18B338D7-DF6F-4CC5-A2F2-08FC4A61EDB9}
		{380FE52A-B4F9-4369-B4B5-59B60402ABC1} = {18B338D7-DF6F-4CC5-A2F2-08FC4A61EDB9}
		{143103BC-3768-481C-A18A-A37CD4398FB4} = {18B338D7-DF6F-4CC5-A2F2-08FC4A61EDB9}
		{7EE9D2FE-FA42-4A3A-9604-FD8D5904CFB3} = {18B338D7-DF6F-4CC5-A2F2-08FC4A61EDB9}
		{EE812170-1BD3-481D-8EBD-D0B7CD8B9AD4} = {18B338D7-DF6F-4CC5-A2F2-08FC4A61EDB9}
		{67026F4C-28B0-4985-A584-B2521A16453C} = {18B338D7-DF6F-4CC5-A2F2-08FC4A61EDB9}
		{DDD157B1-D45B-4ED8-92F1-E65F1AEC48FC} = {18B338D7-DF6F-4CC5-A2F2-08FC4A61EDB9}
		{EECAEED0-F356-4C69-995E-F84E58D796F0} = {18B338D7-DF6F-4CC5-A2F2-08FC4A61EDB9}
		{68178D32-2A2F-40EC-87DA-D120600B59E3} = {18B338D7-DF6F-4CC5-A2F2-08FC4A61EDB9}
		{4FB3D83E-D4D9-41C6-931E-28498766320F} = {18B338D7-DF6F-4CC5-A2F2-08FC4A61EDB9}
		{440A8565-CE1B-4F26-BC24-81B73A2F3C3A} = {18B338D7-DF6F-4CC5-A2F2-08FC4A61EDB9}
		{2415EC04-1432-4AF8-A132-4985FBB521E1} = {18B338D7-DF6F-4CC5-A2F2-08FC4A61EDB9}
		{2E42EAA8-41E2-4382-93F7-BBB22FCDF17D} = {18B338D7-DF6F-4CC5-A2F2-08FC4A61EDB9}
		{FF171240-2FC1-402B-951A-E0FD8DDF9985} = {18B338D7-DF6F-4CC5-A2F2-08FC4A61EDB9}
		{36FFD814-4370-4239-A9AB-E639830207BF} = {18B338D7-DF6F-4CC5-A2F2-08FC4A61EDB9}
		{7D1C4EAC-58BC-4D52-8734-A040CC6D5F37} = {18B338D7-DF6F-4CC5-A2F2-08FC4A61EDB9}
		{F6FD135D-5B59-48BF-AC09-DD0F28EB4170} = {18B338D7-DF6F-4CC5-A2F2-08FC4A61EDB9}
		{2CD2B8BC-7657-4688-BB9A-0FCED1C6160D} = {18B338D7-DF6F-4CC5-A2F2-08FC4A61EDB9}
		{63F0DD69-9A09-40DC-A98C-996C1146DB54} = {18B338D7-DF6F-4CC5-A2F2-08FC4A61EDB9}
		{89D5AC94-36B7-40FF-9695-5187C10BA0C1} = {18B338D7-DF6F-4CC5-A2F2-08FC4A61EDB9}
		{046810BC-E527-49F2-BB0D-9EF4CFB68643} = {18B338D7-DF6F-4CC5-A2F2-08FC4A61EDB9}
		{17633F4F-66FF-4229-BC14-1DC328A74646} = {18B338D7-DF6F-4CC5-A2F2-08FC4A61EDB9}
		{C7D8417D-EB89-4F42-881C-A4F22AE72EBA} = {18B338D7-DF6F-4CC5-A2F2-08FC4A61EDB9}
		{663983B6-69E9-4145-B0D4-0C91DF6FAC41} = {18B338D7-DF6F-4CC5-A2F2-08FC4A61EDB9}
		{F858F67C-2CC1-4431-89EA-32B01251A8C5} = {18B338D7-DF6F-4CC5-A2F2-08FC4A61EDB9}
		{337075E1-CEA8-4931-93FF-5F4A1F93C3F2} = {18B338D7-DF6F-4CC5-A2F2-08FC4A61EDB9}
		{667B7D00-2FBF-484E-A548-B2143A6FF417} = {18B338D7-DF6F-4CC5-A2F2-08FC4A61EDB9}
		{9AE995D1-AD70-4A66-B13D-7BE1A4533A31} = {2D245112-7B77-4136-9722-1BA1ED017486}
		{6D48ACAC-76F9-4583-9093-5BE773A5A950} = {2D245112-7B77-4136-9722-1BA1ED017486}
		{4AB1EEAE-44F4-4CA5-AED0-CAD8E6B9DB54} = {2D245112-7B77-4136-9722-1BA1ED017486}
		{CE102EBA-39EB-4FBA-B1BC-DA36AA5DB5D4} = {2D245112-7B77-4136-9722-1BA1ED017486}
		{1C10AC8D-C74D-4F4B-8547-193719FA42B5} = {2D245112-7B77-4136-9722-1BA1ED017486}
		{90BC644E-CD71-4B78-8221-ABDA80FF6AD3} = {2D245112-7B77-4136-9722-1BA1ED017486}
	EndGlobalSection
	GlobalSection(ExtensibilityGlobals) = postSolution
		SolutionGuid = {EE55CF8D-6F35-464D-B95B-ED85644AE41C}
	EndGlobalSection
EndGlobal
